// !$*UTF8*$!
{
	archiveVersion = 1;
	classes = {
	};
	objectVersion = 46;
	objects = {

/* Begin PBXBuildFile section */
		0F48D4F41ECBA059003ADD2B /* Localizable.strings in Resources */ = {isa = PBXBuildFile; fileRef = 0F48D4F61ECBA059003ADD2B /* Localizable.strings */; };
		0F48D4FE1ECBA4CF003ADD2B /* InfoPlist.strings in Resources */ = {isa = PBXBuildFile; fileRef = 0F48D5001ECBA4CF003ADD2B /* InfoPlist.strings */; };
		0F8881F71EC94F0B00B7D0C6 /* MapKit.framework in Frameworks */ = {isa = PBXBuildFile; fileRef = 0F8881F61EC94F0B00B7D0C6 /* MapKit.framework */; };
		0F8881F91EC9524C00B7D0C6 /* MapViewController.swift in Sources */ = {isa = PBXBuildFile; fileRef = 0F8881F81EC9524C00B7D0C6 /* MapViewController.swift */; };
		0F8AF7E71ECA1EEA007C3ED8 /* WebViewController.swift in Sources */ = {isa = PBXBuildFile; fileRef = 0F8AF7E61ECA1EEA007C3ED8 /* WebViewController.swift */; };
		0F8AF7E91ECA3AEF007C3ED8 /* PointOfInterest.swift in Sources */ = {isa = PBXBuildFile; fileRef = 0F8AF7E81ECA3AEF007C3ED8 /* PointOfInterest.swift */; };
		0FFACC441EC7C5F3008BEA32 /* AppDelegate.swift in Sources */ = {isa = PBXBuildFile; fileRef = 0FFACC431EC7C5F3008BEA32 /* AppDelegate.swift */; };
		0FFACC491EC7C5F3008BEA32 /* Main.storyboard in Resources */ = {isa = PBXBuildFile; fileRef = 0FFACC471EC7C5F3008BEA32 /* Main.storyboard */; };
		0FFACC4B1EC7C5F3008BEA32 /* Assets.xcassets in Resources */ = {isa = PBXBuildFile; fileRef = 0FFACC4A1EC7C5F3008BEA32 /* Assets.xcassets */; };
		0FFACC4E1EC7C5F3008BEA32 /* LaunchScreen.storyboard in Resources */ = {isa = PBXBuildFile; fileRef = 0FFACC4C1EC7C5F3008BEA32 /* LaunchScreen.storyboard */; };
		0FFACC591EC7C5F3008BEA32 /* WorldTrotterTests.swift in Sources */ = {isa = PBXBuildFile; fileRef = 0FFACC581EC7C5F3008BEA32 /* WorldTrotterTests.swift */; };
		0FFACC641EC7C5F3008BEA32 /* WorldTrotterUITests.swift in Sources */ = {isa = PBXBuildFile; fileRef = 0FFACC631EC7C5F3008BEA32 /* WorldTrotterUITests.swift */; };
		0FFACC721EC7DBF7008BEA32 /* ConversionViewController.swift in Sources */ = {isa = PBXBuildFile; fileRef = 0FFACC711EC7DBF7008BEA32 /* ConversionViewController.swift */; };
/* End PBXBuildFile section */

/* Begin PBXContainerItemProxy section */
		0FFACC551EC7C5F3008BEA32 /* PBXContainerItemProxy */ = {
			isa = PBXContainerItemProxy;
			containerPortal = 0FFACC381EC7C5F3008BEA32 /* Project object */;
			proxyType = 1;
			remoteGlobalIDString = 0FFACC3F1EC7C5F3008BEA32;
			remoteInfo = WorldTrotter;
		};
		0FFACC601EC7C5F3008BEA32 /* PBXContainerItemProxy */ = {
			isa = PBXContainerItemProxy;
			containerPortal = 0FFACC381EC7C5F3008BEA32 /* Project object */;
			proxyType = 1;
			remoteGlobalIDString = 0FFACC3F1EC7C5F3008BEA32;
			remoteInfo = WorldTrotter;
		};
/* End PBXContainerItemProxy section */

/* Begin PBXFileReference section */
		0F48D4F51ECBA059003ADD2B /* Base */ = {isa = PBXFileReference; lastKnownFileType = text.plist.strings; name = Base; path = Base.lproj/Localizable.strings; sourceTree = "<group>"; };
		0F48D4F71ECBA064003ADD2B /* en */ = {isa = PBXFileReference; lastKnownFileType = text.plist.strings; name = en; path = en.lproj/Localizable.strings; sourceTree = "<group>"; };
		0F48D4F81ECBA065003ADD2B /* es */ = {isa = PBXFileReference; lastKnownFileType = text.plist.strings; name = es; path = es.lproj/Localizable.strings; sourceTree = "<group>"; };
		0F48D4F91ECBA0E5003ADD2B /* fr */ = {isa = PBXFileReference; lastKnownFileType = text.plist.strings; name = fr; path = fr.lproj/Main.strings; sourceTree = "<group>"; };
		0F48D4FA1ECBA0E5003ADD2B /* fr */ = {isa = PBXFileReference; lastKnownFileType = text.plist.strings; name = fr; path = fr.lproj/LaunchScreen.strings; sourceTree = "<group>"; };
		0F48D4FB1ECBA0E5003ADD2B /* fr */ = {isa = PBXFileReference; lastKnownFileType = text.plist.strings; name = fr; path = fr.lproj/Localizable.strings; sourceTree = "<group>"; };
		0F48D4FF1ECBA4CF003ADD2B /* Base */ = {isa = PBXFileReference; lastKnownFileType = text.plist.strings; name = Base; path = Base.lproj/InfoPlist.strings; sourceTree = "<group>"; };
		0F48D5011ECBA4D4003ADD2B /* en */ = {isa = PBXFileReference; lastKnownFileType = text.plist.strings; name = en; path = en.lproj/InfoPlist.strings; sourceTree = "<group>"; };
		0F48D5021ECBA4D5003ADD2B /* es */ = {isa = PBXFileReference; lastKnownFileType = text.plist.strings; name = es; path = es.lproj/InfoPlist.strings; sourceTree = "<group>"; };
		0F48D5031ECBA4D5003ADD2B /* fr */ = {isa = PBXFileReference; lastKnownFileType = text.plist.strings; name = fr; path = fr.lproj/InfoPlist.strings; sourceTree = "<group>"; };
		0F8881F61EC94F0B00B7D0C6 /* MapKit.framework */ = {isa = PBXFileReference; lastKnownFileType = wrapper.framework; name = MapKit.framework; path = System/Library/Frameworks/MapKit.framework; sourceTree = SDKROOT; };
		0F8881F81EC9524C00B7D0C6 /* MapViewController.swift */ = {isa = PBXFileReference; fileEncoding = 4; lastKnownFileType = sourcecode.swift; path = MapViewController.swift; sourceTree = "<group>"; };
		0F8AF7E61ECA1EEA007C3ED8 /* WebViewController.swift */ = {isa = PBXFileReference; fileEncoding = 4; lastKnownFileType = sourcecode.swift; path = WebViewController.swift; sourceTree = "<group>"; };
		0F8AF7E81ECA3AEF007C3ED8 /* PointOfInterest.swift */ = {isa = PBXFileReference; fileEncoding = 4; lastKnownFileType = sourcecode.swift; path = PointOfInterest.swift; sourceTree = "<group>"; };
		0F9CCF701ECB9C5700885606 /* en */ = {isa = PBXFileReference; lastKnownFileType = text.plist.strings; name = en; path = en.lproj/Main.strings; sourceTree = "<group>"; };
		0F9CCF711ECB9CBB00885606 /* es */ = {isa = PBXFileReference; lastKnownFileType = text.plist.strings; name = es; path = es.lproj/Main.strings; sourceTree = "<group>"; };
		0F9CCF721ECB9CBB00885606 /* es */ = {isa = PBXFileReference; lastKnownFileType = text.plist.strings; name = es; path = es.lproj/LaunchScreen.strings; sourceTree = "<group>"; };
		0FFACC401EC7C5F3008BEA32 /* WorldTrotter.app */ = {isa = PBXFileReference; explicitFileType = wrapper.application; includeInIndex = 0; path = WorldTrotter.app; sourceTree = BUILT_PRODUCTS_DIR; };
		0FFACC431EC7C5F3008BEA32 /* AppDelegate.swift */ = {isa = PBXFileReference; lastKnownFileType = sourcecode.swift; path = AppDelegate.swift; sourceTree = "<group>"; };
		0FFACC481EC7C5F3008BEA32 /* Base */ = {isa = PBXFileReference; lastKnownFileType = file.storyboard; name = Base; path = Base.lproj/Main.storyboard; sourceTree = "<group>"; };
		0FFACC4A1EC7C5F3008BEA32 /* Assets.xcassets */ = {isa = PBXFileReference; lastKnownFileType = folder.assetcatalog; path = Assets.xcassets; sourceTree = "<group>"; };
		0FFACC4D1EC7C5F3008BEA32 /* Base */ = {isa = PBXFileReference; lastKnownFileType = file.storyboard; name = Base; path = Base.lproj/LaunchScreen.storyboard; sourceTree = "<group>"; };
		0FFACC4F1EC7C5F3008BEA32 /* Info.plist */ = {isa = PBXFileReference; lastKnownFileType = text.plist.xml; path = Info.plist; sourceTree = "<group>"; };
		0FFACC541EC7C5F3008BEA32 /* WorldTrotterTests.xctest */ = {isa = PBXFileReference; explicitFileType = wrapper.cfbundle; includeInIndex = 0; path = WorldTrotterTests.xctest; sourceTree = BUILT_PRODUCTS_DIR; };
		0FFACC581EC7C5F3008BEA32 /* WorldTrotterTests.swift */ = {isa = PBXFileReference; lastKnownFileType = sourcecode.swift; path = WorldTrotterTests.swift; sourceTree = "<group>"; };
		0FFACC5A1EC7C5F3008BEA32 /* Info.plist */ = {isa = PBXFileReference; lastKnownFileType = text.plist.xml; path = Info.plist; sourceTree = "<group>"; };
		0FFACC5F1EC7C5F3008BEA32 /* WorldTrotterUITests.xctest */ = {isa = PBXFileReference; explicitFileType = wrapper.cfbundle; includeInIndex = 0; path = WorldTrotterUITests.xctest; sourceTree = BUILT_PRODUCTS_DIR; };
		0FFACC631EC7C5F3008BEA32 /* WorldTrotterUITests.swift */ = {isa = PBXFileReference; lastKnownFileType = sourcecode.swift; path = WorldTrotterUITests.swift; sourceTree = "<group>"; };
		0FFACC651EC7C5F3008BEA32 /* Info.plist */ = {isa = PBXFileReference; lastKnownFileType = text.plist.xml; path = Info.plist; sourceTree = "<group>"; };
		0FFACC711EC7DBF7008BEA32 /* ConversionViewController.swift */ = {isa = PBXFileReference; fileEncoding = 4; lastKnownFileType = sourcecode.swift; path = ConversionViewController.swift; sourceTree = "<group>"; };
/* End PBXFileReference section */

/* Begin PBXFrameworksBuildPhase section */
		0FFACC3D1EC7C5F3008BEA32 /* Frameworks */ = {
			isa = PBXFrameworksBuildPhase;
			buildActionMask = 2147483647;
			files = (
				0F8881F71EC94F0B00B7D0C6 /* MapKit.framework in Frameworks */,
			);
			runOnlyForDeploymentPostprocessing = 0;
		};
		0FFACC511EC7C5F3008BEA32 /* Frameworks */ = {
			isa = PBXFrameworksBuildPhase;
			buildActionMask = 2147483647;
			files = (
			);
			runOnlyForDeploymentPostprocessing = 0;
		};
		0FFACC5C1EC7C5F3008BEA32 /* Frameworks */ = {
			isa = PBXFrameworksBuildPhase;
			buildActionMask = 2147483647;
			files = (
			);
			runOnlyForDeploymentPostprocessing = 0;
		};
/* End PBXFrameworksBuildPhase section */

/* Begin PBXGroup section */
		0F8881F51EC94F0B00B7D0C6 /* Frameworks */ = {
			isa = PBXGroup;
			children = (
				0F8881F61EC94F0B00B7D0C6 /* MapKit.framework */,
			);
			name = Frameworks;
			sourceTree = "<group>";
		};
		0FFACC371EC7C5F3008BEA32 = {
			isa = PBXGroup;
			children = (
				0FFACC421EC7C5F3008BEA32 /* WorldTrotter */,
				0FFACC571EC7C5F3008BEA32 /* WorldTrotterTests */,
				0FFACC621EC7C5F3008BEA32 /* WorldTrotterUITests */,
				0FFACC411EC7C5F3008BEA32 /* Products */,
				0F8881F51EC94F0B00B7D0C6 /* Frameworks */,
			);
			sourceTree = "<group>";
		};
		0FFACC411EC7C5F3008BEA32 /* Products */ = {
			isa = PBXGroup;
			children = (
				0FFACC401EC7C5F3008BEA32 /* WorldTrotter.app */,
				0FFACC541EC7C5F3008BEA32 /* WorldTrotterTests.xctest */,
				0FFACC5F1EC7C5F3008BEA32 /* WorldTrotterUITests.xctest */,
			);
			name = Products;
			sourceTree = "<group>";
		};
		0FFACC421EC7C5F3008BEA32 /* WorldTrotter */ = {
			isa = PBXGroup;
			children = (
				0F48D4F61ECBA059003ADD2B /* Localizable.strings */,
				0F48D5001ECBA4CF003ADD2B /* InfoPlist.strings */,
				0F8AF7E81ECA3AEF007C3ED8 /* PointOfInterest.swift */,
				0FFACC711EC7DBF7008BEA32 /* ConversionViewController.swift */,
				0FFACC431EC7C5F3008BEA32 /* AppDelegate.swift */,
				0FFACC471EC7C5F3008BEA32 /* Main.storyboard */,
				0F8881F81EC9524C00B7D0C6 /* MapViewController.swift */,
				0F8AF7E61ECA1EEA007C3ED8 /* WebViewController.swift */,
				0FFACC4A1EC7C5F3008BEA32 /* Assets.xcassets */,
				0FFACC4C1EC7C5F3008BEA32 /* LaunchScreen.storyboard */,
				0FFACC4F1EC7C5F3008BEA32 /* Info.plist */,
			);
			path = WorldTrotter;
			sourceTree = "<group>";
		};
		0FFACC571EC7C5F3008BEA32 /* WorldTrotterTests */ = {
			isa = PBXGroup;
			children = (
				0FFACC581EC7C5F3008BEA32 /* WorldTrotterTests.swift */,
				0FFACC5A1EC7C5F3008BEA32 /* Info.plist */,
			);
			path = WorldTrotterTests;
			sourceTree = "<group>";
		};
		0FFACC621EC7C5F3008BEA32 /* WorldTrotterUITests */ = {
			isa = PBXGroup;
			children = (
				0FFACC631EC7C5F3008BEA32 /* WorldTrotterUITests.swift */,
				0FFACC651EC7C5F3008BEA32 /* Info.plist */,
			);
			path = WorldTrotterUITests;
			sourceTree = "<group>";
		};
/* End PBXGroup section */

/* Begin PBXNativeTarget section */
		0FFACC3F1EC7C5F3008BEA32 /* WorldTrotter */ = {
			isa = PBXNativeTarget;
			buildConfigurationList = 0FFACC681EC7C5F3008BEA32 /* Build configuration list for PBXNativeTarget "WorldTrotter" */;
			buildPhases = (
				0FFACC3C1EC7C5F3008BEA32 /* Sources */,
				0FFACC3D1EC7C5F3008BEA32 /* Frameworks */,
				0FFACC3E1EC7C5F3008BEA32 /* Resources */,
			);
			buildRules = (
			);
			dependencies = (
			);
			name = WorldTrotter;
			productName = WorldTrotter;
			productReference = 0FFACC401EC7C5F3008BEA32 /* WorldTrotter.app */;
			productType = "com.apple.product-type.application";
		};
		0FFACC531EC7C5F3008BEA32 /* WorldTrotterTests */ = {
			isa = PBXNativeTarget;
			buildConfigurationList = 0FFACC6B1EC7C5F3008BEA32 /* Build configuration list for PBXNativeTarget "WorldTrotterTests" */;
			buildPhases = (
				0FFACC501EC7C5F3008BEA32 /* Sources */,
				0FFACC511EC7C5F3008BEA32 /* Frameworks */,
				0FFACC521EC7C5F3008BEA32 /* Resources */,
			);
			buildRules = (
			);
			dependencies = (
				0FFACC561EC7C5F3008BEA32 /* PBXTargetDependency */,
			);
			name = WorldTrotterTests;
			productName = WorldTrotterTests;
			productReference = 0FFACC541EC7C5F3008BEA32 /* WorldTrotterTests.xctest */;
			productType = "com.apple.product-type.bundle.unit-test";
		};
		0FFACC5E1EC7C5F3008BEA32 /* WorldTrotterUITests */ = {
			isa = PBXNativeTarget;
			buildConfigurationList = 0FFACC6E1EC7C5F3008BEA32 /* Build configuration list for PBXNativeTarget "WorldTrotterUITests" */;
			buildPhases = (
				0FFACC5B1EC7C5F3008BEA32 /* Sources */,
				0FFACC5C1EC7C5F3008BEA32 /* Frameworks */,
				0FFACC5D1EC7C5F3008BEA32 /* Resources */,
			);
			buildRules = (
			);
			dependencies = (
				0FFACC611EC7C5F3008BEA32 /* PBXTargetDependency */,
			);
			name = WorldTrotterUITests;
			productName = WorldTrotterUITests;
			productReference = 0FFACC5F1EC7C5F3008BEA32 /* WorldTrotterUITests.xctest */;
			productType = "com.apple.product-type.bundle.ui-testing";
		};
/* End PBXNativeTarget section */

/* Begin PBXProject section */
		0FFACC381EC7C5F3008BEA32 /* Project object */ = {
			isa = PBXProject;
			attributes = {
				LastSwiftUpdateCheck = 0830;
				LastUpgradeCheck = 0830;
				ORGANIZATIONNAME = "Big Nerd Ranch";
				TargetAttributes = {
					0FFACC3F1EC7C5F3008BEA32 = {
						CreatedOnToolsVersion = 8.3.2;
						DevelopmentTeam = 36WANW846Q;
						ProvisioningStyle = Automatic;
					};
					0FFACC531EC7C5F3008BEA32 = {
						CreatedOnToolsVersion = 8.3.2;
						ProvisioningStyle = Automatic;
						TestTargetID = 0FFACC3F1EC7C5F3008BEA32;
					};
					0FFACC5E1EC7C5F3008BEA32 = {
						CreatedOnToolsVersion = 8.3.2;
						ProvisioningStyle = Automatic;
						TestTargetID = 0FFACC3F1EC7C5F3008BEA32;
					};
				};
			};
			buildConfigurationList = 0FFACC3B1EC7C5F3008BEA32 /* Build configuration list for PBXProject "WorldTrotter" */;
			compatibilityVersion = "Xcode 3.2";
			developmentRegion = English;
			hasScannedForEncodings = 0;
			knownRegions = (
				en,
				Base,
				es,
				fr,
			);
			mainGroup = 0FFACC371EC7C5F3008BEA32;
			productRefGroup = 0FFACC411EC7C5F3008BEA32 /* Products */;
			projectDirPath = "";
			projectRoot = "";
			targets = (
				0FFACC3F1EC7C5F3008BEA32 /* WorldTrotter */,
				0FFACC531EC7C5F3008BEA32 /* WorldTrotterTests */,
				0FFACC5E1EC7C5F3008BEA32 /* WorldTrotterUITests */,
			);
		};
/* End PBXProject section */

/* Begin PBXResourcesBuildPhase section */
		0FFACC3E1EC7C5F3008BEA32 /* Resources */ = {
			isa = PBXResourcesBuildPhase;
			buildActionMask = 2147483647;
			files = (
				0FFACC4E1EC7C5F3008BEA32 /* LaunchScreen.storyboard in Resources */,
				0F48D4F41ECBA059003ADD2B /* Localizable.strings in Resources */,
				0FFACC4B1EC7C5F3008BEA32 /* Assets.xcassets in Resources */,
				0FFACC491EC7C5F3008BEA32 /* Main.storyboard in Resources */,
				0F48D4FE1ECBA4CF003ADD2B /* InfoPlist.strings in Resources */,
			);
			runOnlyForDeploymentPostprocessing = 0;
		};
		0FFACC521EC7C5F3008BEA32 /* Resources */ = {
			isa = PBXResourcesBuildPhase;
			buildActionMask = 2147483647;
			files = (
			);
			runOnlyForDeploymentPostprocessing = 0;
		};
		0FFACC5D1EC7C5F3008BEA32 /* Resources */ = {
			isa = PBXResourcesBuildPhase;
			buildActionMask = 2147483647;
			files = (
			);
			runOnlyForDeploymentPostprocessing = 0;
		};
/* End PBXResourcesBuildPhase section */

/* Begin PBXSourcesBuildPhase section */
		0FFACC3C1EC7C5F3008BEA32 /* Sources */ = {
			isa = PBXSourcesBuildPhase;
			buildActionMask = 2147483647;
			files = (
				0FFACC721EC7DBF7008BEA32 /* ConversionViewController.swift in Sources */,
				0F8881F91EC9524C00B7D0C6 /* MapViewController.swift in Sources */,
				0F8AF7E91ECA3AEF007C3ED8 /* PointOfInterest.swift in Sources */,
				0FFACC441EC7C5F3008BEA32 /* AppDelegate.swift in Sources */,
				0F8AF7E71ECA1EEA007C3ED8 /* WebViewController.swift in Sources */,
			);
			runOnlyForDeploymentPostprocessing = 0;
		};
		0FFACC501EC7C5F3008BEA32 /* Sources */ = {
			isa = PBXSourcesBuildPhase;
			buildActionMask = 2147483647;
			files = (
				0FFACC591EC7C5F3008BEA32 /* WorldTrotterTests.swift in Sources */,
			);
			runOnlyForDeploymentPostprocessing = 0;
		};
		0FFACC5B1EC7C5F3008BEA32 /* Sources */ = {
			isa = PBXSourcesBuildPhase;
			buildActionMask = 2147483647;
			files = (
				0FFACC641EC7C5F3008BEA32 /* WorldTrotterUITests.swift in Sources */,
			);
			runOnlyForDeploymentPostprocessing = 0;
		};
/* End PBXSourcesBuildPhase section */

/* Begin PBXTargetDependency section */
		0FFACC561EC7C5F3008BEA32 /* PBXTargetDependency */ = {
			isa = PBXTargetDependency;
			target = 0FFACC3F1EC7C5F3008BEA32 /* WorldTrotter */;
			targetProxy = 0FFACC551EC7C5F3008BEA32 /* PBXContainerItemProxy */;
		};
		0FFACC611EC7C5F3008BEA32 /* PBXTargetDependency */ = {
			isa = PBXTargetDependency;
			target = 0FFACC3F1EC7C5F3008BEA32 /* WorldTrotter */;
			targetProxy = 0FFACC601EC7C5F3008BEA32 /* PBXContainerItemProxy */;
		};
/* End PBXTargetDependency section */

/* Begin PBXVariantGroup section */
		0F48D4F61ECBA059003ADD2B /* Localizable.strings */ = {
			isa = PBXVariantGroup;
			children = (
				0F48D4F51ECBA059003ADD2B /* Base */,
				0F48D4F71ECBA064003ADD2B /* en */,
				0F48D4F81ECBA065003ADD2B /* es */,
				0F48D4FB1ECBA0E5003ADD2B /* fr */,
			);
			name = Localizable.strings;
			sourceTree = "<group>";
		};
		0F48D5001ECBA4CF003ADD2B /* InfoPlist.strings */ = {
			isa = PBXVariantGroup;
			children = (
				0F48D4FF1ECBA4CF003ADD2B /* Base */,
				0F48D5011ECBA4D4003ADD2B /* en */,
				0F48D5021ECBA4D5003ADD2B /* es */,
				0F48D5031ECBA4D5003ADD2B /* fr */,
			);
			name = InfoPlist.strings;
			sourceTree = "<group>";
		};
		0FFACC471EC7C5F3008BEA32 /* Main.storyboard */ = {
			isa = PBXVariantGroup;
			children = (
				0FFACC481EC7C5F3008BEA32 /* Base */,
				0F9CCF701ECB9C5700885606 /* en */,
				0F9CCF711ECB9CBB00885606 /* es */,
				0F48D4F91ECBA0E5003ADD2B /* fr */,
			);
			name = Main.storyboard;
			sourceTree = "<group>";
		};
		0FFACC4C1EC7C5F3008BEA32 /* LaunchScreen.storyboard */ = {
			isa = PBXVariantGroup;
			children = (
				0FFACC4D1EC7C5F3008BEA32 /* Base */,
				0F9CCF721ECB9CBB00885606 /* es */,
				0F48D4FA1ECBA0E5003ADD2B /* fr */,
			);
			name = LaunchScreen.storyboard;
			sourceTree = "<group>";
		};
/* End PBXVariantGroup section */

/* Begin XCBuildConfiguration section */
		0FFACC661EC7C5F3008BEA32 /* Debug */ = {
			isa = XCBuildConfiguration;
			buildSettings = {
				ALWAYS_SEARCH_USER_PATHS = NO;
				CLANG_ANALYZER_LOCALIZABILITY_NONLOCALIZED = YES;
				CLANG_ANALYZER_NONNULL = YES;
				CLANG_ANALYZER_NUMBER_OBJECT_CONVERSION = YES_AGGRESSIVE;
				CLANG_CXX_LANGUAGE_STANDARD = "gnu++0x";
				CLANG_CXX_LIBRARY = "libc++";
				CLANG_ENABLE_MODULES = YES;
				CLANG_ENABLE_OBJC_ARC = YES;
				CLANG_WARN_BOOL_CONVERSION = YES;
				CLANG_WARN_CONSTANT_CONVERSION = YES;
				CLANG_WARN_DIRECT_OBJC_ISA_USAGE = YES_ERROR;
				CLANG_WARN_DOCUMENTATION_COMMENTS = YES;
				CLANG_WARN_EMPTY_BODY = YES;
				CLANG_WARN_ENUM_CONVERSION = YES;
				CLANG_WARN_INFINITE_RECURSION = YES;
				CLANG_WARN_INT_CONVERSION = YES;
				CLANG_WARN_OBJC_ROOT_CLASS = YES_ERROR;
				CLANG_WARN_SUSPICIOUS_MOVE = YES;
				CLANG_WARN_UNREACHABLE_CODE = YES;
				CLANG_WARN__DUPLICATE_METHOD_MATCH = YES;
				"CODE_SIGN_IDENTITY[sdk=iphoneos*]" = "iPhone Developer";
				COPY_PHASE_STRIP = NO;
				DEBUG_INFORMATION_FORMAT = dwarf;
				ENABLE_STRICT_OBJC_MSGSEND = YES;
				ENABLE_TESTABILITY = YES;
				GCC_C_LANGUAGE_STANDARD = gnu99;
				GCC_DYNAMIC_NO_PIC = NO;
				GCC_NO_COMMON_BLOCKS = YES;
				GCC_OPTIMIZATION_LEVEL = 0;
				GCC_PREPROCESSOR_DEFINITIONS = (
					"DEBUG=1",
					"$(inherited)",
				);
				GCC_WARN_64_TO_32_BIT_CONVERSION = YES;
				GCC_WARN_ABOUT_RETURN_TYPE = YES_ERROR;
				GCC_WARN_UNDECLARED_SELECTOR = YES;
				GCC_WARN_UNINITIALIZED_AUTOS = YES_AGGRESSIVE;
				GCC_WARN_UNUSED_FUNCTION = YES;
				GCC_WARN_UNUSED_VARIABLE = YES;
				IPHONEOS_DEPLOYMENT_TARGET = 10.3;
				MTL_ENABLE_DEBUG_INFO = YES;
				ONLY_ACTIVE_ARCH = YES;
				SDKROOT = iphoneos;
				SWIFT_ACTIVE_COMPILATION_CONDITIONS = DEBUG;
				SWIFT_OPTIMIZATION_LEVEL = "-Onone";
				TARGETED_DEVICE_FAMILY = "1,2";
			};
			name = Debug;
		};
		0FFACC671EC7C5F3008BEA32 /* Release */ = {
			isa = XCBuildConfiguration;
			buildSettings = {
				ALWAYS_SEARCH_USER_PATHS = NO;
				CLANG_ANALYZER_LOCALIZABILITY_NONLOCALIZED = YES;
				CLANG_ANALYZER_NONNULL = YES;
				CLANG_ANALYZER_NUMBER_OBJECT_CONVERSION = YES_AGGRESSIVE;
				CLANG_CXX_LANGUAGE_STANDARD = "gnu++0x";
				CLANG_CXX_LIBRARY = "libc++";
				CLANG_ENABLE_MODULES = YES;
				CLANG_ENABLE_OBJC_ARC = YES;
				CLANG_WARN_BOOL_CONVERSION = YES;
				CLANG_WARN_CONSTANT_CONVERSION = YES;
				CLANG_WARN_DIRECT_OBJC_ISA_USAGE = YES_ERROR;
				CLANG_WARN_DOCUMENTATION_COMMENTS = YES;
				CLANG_WARN_EMPTY_BODY = YES;
				CLANG_WARN_ENUM_CONVERSION = YES;
				CLANG_WARN_INFINITE_RECURSION = YES;
				CLANG_WARN_INT_CONVERSION = YES;
				CLANG_WARN_OBJC_ROOT_CLASS = YES_ERROR;
				CLANG_WARN_SUSPICIOUS_MOVE = YES;
				CLANG_WARN_UNREACHABLE_CODE = YES;
				CLANG_WARN__DUPLICATE_METHOD_MATCH = YES;
				"CODE_SIGN_IDENTITY[sdk=iphoneos*]" = "iPhone Developer";
				COPY_PHASE_STRIP = NO;
				DEBUG_INFORMATION_FORMAT = "dwarf-with-dsym";
				ENABLE_NS_ASSERTIONS = NO;
				ENABLE_STRICT_OBJC_MSGSEND = YES;
				GCC_C_LANGUAGE_STANDARD = gnu99;
				GCC_NO_COMMON_BLOCKS = YES;
				GCC_WARN_64_TO_32_BIT_CONVERSION = YES;
				GCC_WARN_ABOUT_RETURN_TYPE = YES_ERROR;
				GCC_WARN_UNDECLARED_SELECTOR = YES;
				GCC_WARN_UNINITIALIZED_AUTOS = YES_AGGRESSIVE;
				GCC_WARN_UNUSED_FUNCTION = YES;
				GCC_WARN_UNUSED_VARIABLE = YES;
				IPHONEOS_DEPLOYMENT_TARGET = 10.3;
				MTL_ENABLE_DEBUG_INFO = NO;
				SDKROOT = iphoneos;
				SWIFT_OPTIMIZATION_LEVEL = "-Owholemodule";
				TARGETED_DEVICE_FAMILY = "1,2";
				VALIDATE_PRODUCT = YES;
			};
			name = Release;
		};
		0FFACC691EC7C5F3008BEA32 /* Debug */ = {
			isa = XCBuildConfiguration;
			buildSettings = {
				ASSETCATALOG_COMPILER_APPICON_NAME = AppIcon;
				DEVELOPMENT_TEAM = 36WANW846Q;
				INFOPLIST_FILE = WorldTrotter/Info.plist;
				LD_RUNPATH_SEARCH_PATHS = "$(inherited) @executable_path/Frameworks";
				PRODUCT_BUNDLE_IDENTIFIER = com.bignerdranch.WorldTrotter;
				PRODUCT_NAME = "$(TARGET_NAME)";
				SWIFT_VERSION = 3.0;
			};
			name = Debug;
		};
		0FFACC6A1EC7C5F3008BEA32 /* Release */ = {
			isa = XCBuildConfiguration;
			buildSettings = {
				ASSETCATALOG_COMPILER_APPICON_NAME = AppIcon;
				DEVELOPMENT_TEAM = 36WANW846Q;
				INFOPLIST_FILE = WorldTrotter/Info.plist;
				LD_RUNPATH_SEARCH_PATHS = "$(inherited) @executable_path/Frameworks";
				PRODUCT_BUNDLE_IDENTIFIER = com.bignerdranch.WorldTrotter;
				PRODUCT_NAME = "$(TARGET_NAME)";
				SWIFT_VERSION = 3.0;
			};
			name = Release;
		};
		0FFACC6C1EC7C5F3008BEA32 /* Debug */ = {
			isa = XCBuildConfiguration;
			buildSettings = {
				ALWAYS_EMBED_SWIFT_STANDARD_LIBRARIES = YES;
				BUNDLE_LOADER = "$(TEST_HOST)";
				INFOPLIST_FILE = WorldTrotterTests/Info.plist;
				LD_RUNPATH_SEARCH_PATHS = "$(inherited) @executable_path/Frameworks @loader_path/Frameworks";
				PRODUCT_BUNDLE_IDENTIFIER = com.bignerdranch.WorldTrotterTests;
				PRODUCT_NAME = "$(TARGET_NAME)";
				SWIFT_VERSION = 3.0;
				TEST_HOST = "$(BUILT_PRODUCTS_DIR)/WorldTrotter.app/WorldTrotter";
			};
			name = Debug;
		};
		0FFACC6D1EC7C5F3008BEA32 /* Release */ = {
			isa = XCBuildConfiguration;
			buildSettings = {
				ALWAYS_EMBED_SWIFT_STANDARD_LIBRARIES = YES;
				BUNDLE_LOADER = "$(TEST_HOST)";
				INFOPLIST_FILE = WorldTrotterTests/Info.plist;
				LD_RUNPATH_SEARCH_PATHS = "$(inherited) @executable_path/Frameworks @loader_path/Frameworks";
				PRODUCT_BUNDLE_IDENTIFIER = com.bignerdranch.WorldTrotterTests;
				PRODUCT_NAME = "$(TARGET_NAME)";
				SWIFT_VERSION = 3.0;
				TEST_HOST = "$(BUILT_PRODUCTS_DIR)/WorldTrotter.app/WorldTrotter";
			};
			name = Release;
		};
		0FFACC6F1EC7C5F3008BEA32 /* Debug */ = {
			isa = XCBuildConfiguration;
			buildSettings = {
				ALWAYS_EMBED_SWIFT_STANDARD_LIBRARIES = YES;
				INFOPLIST_FILE = WorldTrotterUITests/Info.plist;
				LD_RUNPATH_SEARCH_PATHS = "$(inherited) @executable_path/Frameworks @loader_path/Frameworks";
				PRODUCT_BUNDLE_IDENTIFIER = com.bignerdranch.WorldTrotterUITests;
				PRODUCT_NAME = "$(TARGET_NAME)";
				SWIFT_VERSION = 3.0;
				TEST_TARGET_NAME = WorldTrotter;
			};
			name = Debug;
		};
		0FFACC701EC7C5F3008BEA32 /* Release */ = {
			isa = XCBuildConfiguration;
			buildSettings = {
				ALWAYS_EMBED_SWIFT_STANDARD_LIBRARIES = YES;
				INFOPLIST_FILE = WorldTrotterUITests/Info.plist;
				LD_RUNPATH_SEARCH_PATHS = "$(inherited) @executable_path/Frameworks @loader_path/Frameworks";
				PRODUCT_BUNDLE_IDENTIFIER = com.bignerdranch.WorldTrotterUITests;
				PRODUCT_NAME = "$(TARGET_NAME)";
				SWIFT_VERSION = 3.0;
				TEST_TARGET_NAME = WorldTrotter;
			};
			name = Release;
		};
/* End XCBuildConfiguration section */

/* Begin XCConfigurationList section */
		0FFACC3B1EC7C5F3008BEA32 /* Build configuration list for PBXProject "WorldTrotter" */ = {
			isa = XCConfigurationList;
			buildConfigurations = (
				0FFACC661EC7C5F3008BEA32 /* Debug */,
				0FFACC671EC7C5F3008BEA32 /* Release */,
			);
			defaultConfigurationIsVisible = 0;
			defaultConfigurationName = Release;
		};
		0FFACC681EC7C5F3008BEA32 /* Build configuration list for PBXNativeTarget "WorldTrotter" */ = {
			isa = XCConfigurationList;
			buildConfigurations = (
				0FFACC691EC7C5F3008BEA32 /* Debug */,
				0FFACC6A1EC7C5F3008BEA32 /* Release */,
			);
			defaultConfigurationIsVisible = 0;
			defaultConfigurationName = Release;
		};
		0FFACC6B1EC7C5F3008BEA32 /* Build configuration list for PBXNativeTarget "WorldTrotterTests" */ = {
			isa = XCConfigurationList;
			buildConfigurations = (
				0FFACC6C1EC7C5F3008BEA32 /* Debug */,
				0FFACC6D1EC7C5F3008BEA32 /* Release */,
			);
			defaultConfigurationIsVisible = 0;
			defaultConfigurationName = Release;
		};
		0FFACC6E1EC7C5F3008BEA32 /* Build configuration list for PBXNativeTarget "WorldTrotterUITests" */ = {
			isa = XCConfigurationList;
			buildConfigurations = (
				0FFACC6F1EC7C5F3008BEA32 /* Debug */,
				0FFACC701EC7C5F3008BEA32 /* Release */,
			);
			defaultConfigurationIsVisible = 0;
			defaultConfigurationName = Release;
		};
/* End XCConfigurationList section */
	};
	rootObject = 0FFACC381EC7C5F3008BEA32 /* Project object */;
}
