// !$*UTF8*$!
{
	archiveVersion = 1;
	classes = {
	};
	objectVersion = 46;
	objects = {

/* Begin PBXBuildFile section */
		0F1BE8CF1EC4F2BB00D5A90D /* AppDelegate.swift in Sources */ = {isa = PBXBuildFile; fileRef = 0F1BE8CE1EC4F2BB00D5A90D /* AppDelegate.swift */; };
		0F1BE8D11EC4F2BB00D5A90D /* ViewController.swift in Sources */ = {isa = PBXBuildFile; fileRef = 0F1BE8D01EC4F2BB00D5A90D /* ViewController.swift */; };
		0F1BE8D41EC4F2BB00D5A90D /* Main.storyboard in Resources */ = {isa = PBXBuildFile; fileRef = 0F1BE8D21EC4F2BB00D5A90D /* Main.storyboard */; };
		0F1BE8D61EC4F2BB00D5A90D /* Assets.xcassets in Resources */ = {isa = PBXBuildFile; fileRef = 0F1BE8D51EC4F2BB00D5A90D /* Assets.xcassets */; };
		0F1BE8D91EC4F2BB00D5A90D /* LaunchScreen.storyboard in Resources */ = {isa = PBXBuildFile; fileRef = 0F1BE8D71EC4F2BB00D5A90D /* LaunchScreen.storyboard */; };
		0F1BE8E41EC4F2BB00D5A90D /* QuizTests.swift in Sources */ = {isa = PBXBuildFile; fileRef = 0F1BE8E31EC4F2BB00D5A90D /* QuizTests.swift */; };
		0F1BE8EF1EC4F2BB00D5A90D /* QuizUITests.swift in Sources */ = {isa = PBXBuildFile; fileRef = 0F1BE8EE1EC4F2BB00D5A90D /* QuizUITests.swift */; };
/* End PBXBuildFile section */

/* Begin PBXContainerItemProxy section */
		0F1BE8E01EC4F2BB00D5A90D /* PBXContainerItemProxy */ = {
			isa = PBXContainerItemProxy;
			containerPortal = 0F1BE8C31EC4F2BB00D5A90D /* Project object */;
			proxyType = 1;
			remoteGlobalIDString = 0F1BE8CA1EC4F2BB00D5A90D;
			remoteInfo = Quiz;
		};
		0F1BE8EB1EC4F2BB00D5A90D /* PBXContainerItemProxy */ = {
			isa = PBXContainerItemProxy;
			containerPortal = 0F1BE8C31EC4F2BB00D5A90D /* Project object */;
			proxyType = 1;
			remoteGlobalIDString = 0F1BE8CA1EC4F2BB00D5A90D;
			remoteInfo = Quiz;
		};
/* End PBXContainerItemProxy section */

/* Begin PBXFileReference section */
		0F1BE8CB1EC4F2BB00D5A90D /* Quiz.app */ = {isa = PBXFileReference; explicitFileType = wrapper.application; includeInIndex = 0; path = Quiz.app; sourceTree = BUILT_PRODUCTS_DIR; };
		0F1BE8CE1EC4F2BB00D5A90D /* AppDelegate.swift */ = {isa = PBXFileReference; lastKnownFileType = sourcecode.swift; path = AppDelegate.swift; sourceTree = "<group>"; };
		0F1BE8D01EC4F2BB00D5A90D /* ViewController.swift */ = {isa = PBXFileReference; lastKnownFileType = sourcecode.swift; path = ViewController.swift; sourceTree = "<group>"; };
		0F1BE8D31EC4F2BB00D5A90D /* Base */ = {isa = PBXFileReference; lastKnownFileType = file.storyboard; name = Base; path = Base.lproj/Main.storyboard; sourceTree = "<group>"; };
		0F1BE8D51EC4F2BB00D5A90D /* Assets.xcassets */ = {isa = PBXFileReference; lastKnownFileType = folder.assetcatalog; path = Assets.xcassets; sourceTree = "<group>"; };
		0F1BE8D81EC4F2BB00D5A90D /* Base */ = {isa = PBXFileReference; lastKnownFileType = file.storyboard; name = Base; path = Base.lproj/LaunchScreen.storyboard; sourceTree = "<group>"; };
		0F1BE8DA1EC4F2BB00D5A90D /* Info.plist */ = {isa = PBXFileReference; lastKnownFileType = text.plist.xml; path = Info.plist; sourceTree = "<group>"; };
		0F1BE8DF1EC4F2BB00D5A90D /* QuizTests.xctest */ = {isa = PBXFileReference; explicitFileType = wrapper.cfbundle; includeInIndex = 0; path = QuizTests.xctest; sourceTree = BUILT_PRODUCTS_DIR; };
		0F1BE8E31EC4F2BB00D5A90D /* QuizTests.swift */ = {isa = PBXFileReference; lastKnownFileType = sourcecode.swift; path = QuizTests.swift; sourceTree = "<group>"; };
		0F1BE8E51EC4F2BB00D5A90D /* Info.plist */ = {isa = PBXFileReference; lastKnownFileType = text.plist.xml; path = Info.plist; sourceTree = "<group>"; };
		0F1BE8EA1EC4F2BB00D5A90D /* QuizUITests.xctest */ = {isa = PBXFileReference; explicitFileType = wrapper.cfbundle; includeInIndex = 0; path = QuizUITests.xctest; sourceTree = BUILT_PRODUCTS_DIR; };
		0F1BE8EE1EC4F2BB00D5A90D /* QuizUITests.swift */ = {isa = PBXFileReference; lastKnownFileType = sourcecode.swift; path = QuizUITests.swift; sourceTree = "<group>"; };
		0F1BE8F01EC4F2BB00D5A90D /* Info.plist */ = {isa = PBXFileReference; lastKnownFileType = text.plist.xml; path = Info.plist; sourceTree = "<group>"; };
/* End PBXFileReference section */

/* Begin PBXFrameworksBuildPhase section */
		0F1BE8C81EC4F2BB00D5A90D /* Frameworks */ = {
			isa = PBXFrameworksBuildPhase;
			buildActionMask = 2147483647;
			files = (
			);
			runOnlyForDeploymentPostprocessing = 0;
		};
		0F1BE8DC1EC4F2BB00D5A90D /* Frameworks */ = {
			isa = PBXFrameworksBuildPhase;
			buildActionMask = 2147483647;
			files = (
			);
			runOnlyForDeploymentPostprocessing = 0;
		};
		0F1BE8E71EC4F2BB00D5A90D /* Frameworks */ = {
			isa = PBXFrameworksBuildPhase;
			buildActionMask = 2147483647;
			files = (
			);
			runOnlyForDeploymentPostprocessing = 0;
		};
/* End PBXFrameworksBuildPhase section */

/* Begin PBXGroup section */
		0F1BE8C21EC4F2BB00D5A90D = {
			isa = PBXGroup;
			children = (
				0F1BE8CD1EC4F2BB00D5A90D /* Quiz */,
				0F1BE8E21EC4F2BB00D5A90D /* QuizTests */,
				0F1BE8ED1EC4F2BB00D5A90D /* QuizUITests */,
				0F1BE8CC1EC4F2BB00D5A90D /* Products */,
			);
			sourceTree = "<group>";
		};
		0F1BE8CC1EC4F2BB00D5A90D /* Products */ = {
			isa = PBXGroup;
			children = (
				0F1BE8CB1EC4F2BB00D5A90D /* Quiz.app */,
				0F1BE8DF1EC4F2BB00D5A90D /* QuizTests.xctest */,
				0F1BE8EA1EC4F2BB00D5A90D /* QuizUITests.xctest */,
			);
			name = Products;
			sourceTree = "<group>";
		};
		0F1BE8CD1EC4F2BB00D5A90D /* Quiz */ = {
			isa = PBXGroup;
			children = (
				0F1BE8CE1EC4F2BB00D5A90D /* AppDelegate.swift */,
				0F1BE8D01EC4F2BB00D5A90D /* ViewController.swift */,
				0F1BE8D21EC4F2BB00D5A90D /* Main.storyboard */,
				0F1BE8D51EC4F2BB00D5A90D /* Assets.xcassets */,
				0F1BE8D71EC4F2BB00D5A90D /* LaunchScreen.storyboard */,
				0F1BE8DA1EC4F2BB00D5A90D /* Info.plist */,
			);
			path = Quiz;
			sourceTree = "<group>";
		};
		0F1BE8E21EC4F2BB00D5A90D /* QuizTests */ = {
			isa = PBXGroup;
			children = (
				0F1BE8E31EC4F2BB00D5A90D /* QuizTests.swift */,
				0F1BE8E51EC4F2BB00D5A90D /* Info.plist */,
			);
			path = QuizTests;
			sourceTree = "<group>";
		};
		0F1BE8ED1EC4F2BB00D5A90D /* QuizUITests */ = {
			isa = PBXGroup;
			children = (
				0F1BE8EE1EC4F2BB00D5A90D /* QuizUITests.swift */,
				0F1BE8F01EC4F2BB00D5A90D /* Info.plist */,
			);
			path = QuizUITests;
			sourceTree = "<group>";
		};
/* End PBXGroup section */

/* Begin PBXNativeTarget section */
		0F1BE8CA1EC4F2BB00D5A90D /* Quiz */ = {
			isa = PBXNativeTarget;
			buildConfigurationList = 0F1BE8F31EC4F2BB00D5A90D /* Build configuration list for PBXNativeTarget "Quiz" */;
			buildPhases = (
				0F1BE8C71EC4F2BB00D5A90D /* Sources */,
				0F1BE8C81EC4F2BB00D5A90D /* Frameworks */,
				0F1BE8C91EC4F2BB00D5A90D /* Resources */,
			);
			buildRules = (
			);
			dependencies = (
			);
			name = Quiz;
			productName = Quiz;
			productReference = 0F1BE8CB1EC4F2BB00D5A90D /* Quiz.app */;
			productType = "com.apple.product-type.application";
		};
		0F1BE8DE1EC4F2BB00D5A90D /* QuizTests */ = {
			isa = PBXNativeTarget;
			buildConfigurationList = 0F1BE8F61EC4F2BB00D5A90D /* Build configuration list for PBXNativeTarget "QuizTests" */;
			buildPhases = (
				0F1BE8DB1EC4F2BB00D5A90D /* Sources */,
				0F1BE8DC1EC4F2BB00D5A90D /* Frameworks */,
				0F1BE8DD1EC4F2BB00D5A90D /* Resources */,
			);
			buildRules = (
			);
			dependencies = (
				0F1BE8E11EC4F2BB00D5A90D /* PBXTargetDependency */,
			);
			name = QuizTests;
			productName = QuizTests;
			productReference = 0F1BE8DF1EC4F2BB00D5A90D /* QuizTests.xctest */;
			productType = "com.apple.product-type.bundle.unit-test";
		};
		0F1BE8E91EC4F2BB00D5A90D /* QuizUITests */ = {
			isa = PBXNativeTarget;
			buildConfigurationList = 0F1BE8F91EC4F2BB00D5A90D /* Build configuration list for PBXNativeTarget "QuizUITests" */;
			buildPhases = (
				0F1BE8E61EC4F2BB00D5A90D /* Sources */,
				0F1BE8E71EC4F2BB00D5A90D /* Frameworks */,
				0F1BE8E81EC4F2BB00D5A90D /* Resources */,
			);
			buildRules = (
			);
			dependencies = (
				0F1BE8EC1EC4F2BB00D5A90D /* PBXTargetDependency */,
			);
			name = QuizUITests;
			productName = QuizUITests;
			productReference = 0F1BE8EA1EC4F2BB00D5A90D /* QuizUITests.xctest */;
			productType = "com.apple.product-type.bundle.ui-testing";
		};
/* End PBXNativeTarget section */

/* Begin PBXProject section */
		0F1BE8C31EC4F2BB00D5A90D /* Project object */ = {
			isa = PBXProject;
			attributes = {
				LastSwiftUpdateCheck = 0830;
				LastUpgradeCheck = 0830;
				ORGANIZATIONNAME = "Big Nerd Ranch";
				TargetAttributes = {
					0F1BE8CA1EC4F2BB00D5A90D = {
						CreatedOnToolsVersion = 8.3.2;
						DevelopmentTeam = 36WANW846Q;
						ProvisioningStyle = Automatic;
					};
					0F1BE8DE1EC4F2BB00D5A90D = {
						CreatedOnToolsVersion = 8.3.2;
						ProvisioningStyle = Automatic;
						TestTargetID = 0F1BE8CA1EC4F2BB00D5A90D;
					};
					0F1BE8E91EC4F2BB00D5A90D = {
						CreatedOnToolsVersion = 8.3.2;
						ProvisioningStyle = Automatic;
						TestTargetID = 0F1BE8CA1EC4F2BB00D5A90D;
					};
				};
			};
			buildConfigurationList = 0F1BE8C61EC4F2BB00D5A90D /* Build configuration list for PBXProject "Quiz" */;
			compatibilityVersion = "Xcode 3.2";
			developmentRegion = English;
			hasScannedForEncodings = 0;
			knownRegions = (
				en,
				Base,
			);
			mainGroup = 0F1BE8C21EC4F2BB00D5A90D;
			productRefGroup = 0F1BE8CC1EC4F2BB00D5A90D /* Products */;
			projectDirPath = "";
			projectRoot = "";
			targets = (
				0F1BE8CA1EC4F2BB00D5A90D /* Quiz */,
				0F1BE8DE1EC4F2BB00D5A90D /* QuizTests */,
				0F1BE8E91EC4F2BB00D5A90D /* QuizUITests */,
			);
		};
/* End PBXProject section */

/* Begin PBXResourcesBuildPhase section */
		0F1BE8C91EC4F2BB00D5A90D /* Resources */ = {
			isa = PBXResourcesBuildPhase;
			buildActionMask = 2147483647;
			files = (
				0F1BE8D91EC4F2BB00D5A90D /* LaunchScreen.storyboard in Resources */,
				0F1BE8D61EC4F2BB00D5A90D /* Assets.xcassets in Resources */,
				0F1BE8D41EC4F2BB00D5A90D /* Main.storyboard in Resources */,
			);
			runOnlyForDeploymentPostprocessing = 0;
		};
		0F1BE8DD1EC4F2BB00D5A90D /* Resources */ = {
			isa = PBXResourcesBuildPhase;
			buildActionMask = 2147483647;
			files = (
			);
			runOnlyForDeploymentPostprocessing = 0;
		};
		0F1BE8E81EC4F2BB00D5A90D /* Resources */ = {
			isa = PBXResourcesBuildPhase;
			buildActionMask = 2147483647;
			files = (
			);
			runOnlyForDeploymentPostprocessing = 0;
		};
/* End PBXResourcesBuildPhase section */

/* Begin PBXSourcesBuildPhase section */
		0F1BE8C71EC4F2BB00D5A90D /* Sources */ = {
			isa = PBXSourcesBuildPhase;
			buildActionMask = 2147483647;
			files = (
				0F1BE8D11EC4F2BB00D5A90D /* ViewController.swift in Sources */,
				0F1BE8CF1EC4F2BB00D5A90D /* AppDelegate.swift in Sources */,
			);
			runOnlyForDeploymentPostprocessing = 0;
		};
		0F1BE8DB1EC4F2BB00D5A90D /* Sources */ = {
			isa = PBXSourcesBuildPhase;
			buildActionMask = 2147483647;
			files = (
				0F1BE8E41EC4F2BB00D5A90D /* QuizTests.swift in Sources */,
			);
			runOnlyForDeploymentPostprocessing = 0;
		};
		0F1BE8E61EC4F2BB00D5A90D /* Sources */ = {
			isa = PBXSourcesBuildPhase;
			buildActionMask = 2147483647;
			files = (
				0F1BE8EF1EC4F2BB00D5A90D /* QuizUITests.swift in Sources */,
			);
			runOnlyForDeploymentPostprocessing = 0;
		};
/* End PBXSourcesBuildPhase section */

/* Begin PBXTargetDependency section */
		0F1BE8E11EC4F2BB00D5A90D /* PBXTargetDependency */ = {
			isa = PBXTargetDependency;
			target = 0F1BE8CA1EC4F2BB00D5A90D /* Quiz */;
			targetProxy = 0F1BE8E01EC4F2BB00D5A90D /* PBXContainerItemProxy */;
		};
		0F1BE8EC1EC4F2BB00D5A90D /* PBXTargetDependency */ = {
			isa = PBXTargetDependency;
			target = 0F1BE8CA1EC4F2BB00D5A90D /* Quiz */;
			targetProxy = 0F1BE8EB1EC4F2BB00D5A90D /* PBXContainerItemProxy */;
		};
/* End PBXTargetDependency section */

/* Begin PBXVariantGroup section */
		0F1BE8D21EC4F2BB00D5A90D /* Main.storyboard */ = {
			isa = PBXVariantGroup;
			children = (
				0F1BE8D31EC4F2BB00D5A90D /* Base */,
			);
			name = Main.storyboard;
			sourceTree = "<group>";
		};
		0F1BE8D71EC4F2BB00D5A90D /* LaunchScreen.storyboard */ = {
			isa = PBXVariantGroup;
			children = (
				0F1BE8D81EC4F2BB00D5A90D /* Base */,
			);
			name = LaunchScreen.storyboard;
			sourceTree = "<group>";
		};
/* End PBXVariantGroup section */

/* Begin XCBuildConfiguration section */
		0F1BE8F11EC4F2BB00D5A90D /* Debug */ = {
			isa = XCBuildConfiguration;
			buildSettings = {
				ALWAYS_SEARCH_USER_PATHS = NO;
				CLANG_ANALYZER_NONNULL = YES;
				CLANG_ANALYZER_NUMBER_OBJECT_CONVERSION = YES_AGGRESSIVE;
				CLANG_CXX_LANGUAGE_STANDARD = "gnu++0x";
				CLANG_CXX_LIBRARY = "libc++";
				CLANG_ENABLE_MODULES = YES;
				CLANG_ENABLE_OBJC_ARC = YES;
				CLANG_WARN_BOOL_CONVERSION = YES;
				CLANG_WARN_CONSTANT_CONVERSION = YES;
				CLANG_WARN_DIRECT_OBJC_ISA_USAGE = YES_ERROR;
				CLANG_WARN_DOCUMENTATION_COMMENTS = YES;
				CLANG_WARN_EMPTY_BODY = YES;
				CLANG_WARN_ENUM_CONVERSION = YES;
				CLANG_WARN_INFINITE_RECURSION = YES;
				CLANG_WARN_INT_CONVERSION = YES;
				CLANG_WARN_OBJC_ROOT_CLASS = YES_ERROR;
				CLANG_WARN_SUSPICIOUS_MOVE = YES;
				CLANG_WARN_UNREACHABLE_CODE = YES;
				CLANG_WARN__DUPLICATE_METHOD_MATCH = YES;
				"CODE_SIGN_IDENTITY[sdk=iphoneos*]" = "iPhone Developer";
				COPY_PHASE_STRIP = NO;
				DEBUG_INFORMATION_FORMAT = dwarf;
				ENABLE_STRICT_OBJC_MSGSEND = YES;
				ENABLE_TESTABILITY = YES;
				GCC_C_LANGUAGE_STANDARD = gnu99;
				GCC_DYNAMIC_NO_PIC = NO;
				GCC_NO_COMMON_BLOCKS = YES;
				GCC_OPTIMIZATION_LEVEL = 0;
				GCC_PREPROCESSOR_DEFINITIONS = (
					"DEBUG=1",
					"$(inherited)",
				);
				GCC_WARN_64_TO_32_BIT_CONVERSION = YES;
				GCC_WARN_ABOUT_RETURN_TYPE = YES_ERROR;
				GCC_WARN_UNDECLARED_SELECTOR = YES;
				GCC_WARN_UNINITIALIZED_AUTOS = YES_AGGRESSIVE;
				GCC_WARN_UNUSED_FUNCTION = YES;
				GCC_WARN_UNUSED_VARIABLE = YES;
				IPHONEOS_DEPLOYMENT_TARGET = 10.3;
				MTL_ENABLE_DEBUG_INFO = YES;
				ONLY_ACTIVE_ARCH = YES;
				SDKROOT = iphoneos;
				SWIFT_ACTIVE_COMPILATION_CONDITIONS = DEBUG;
				SWIFT_OPTIMIZATION_LEVEL = "-Onone";
				TARGETED_DEVICE_FAMILY = "1,2";
			};
			name = Debug;
		};
		0F1BE8F21EC4F2BB00D5A90D /* Release */ = {
			isa = XCBuildConfiguration;
			buildSettings = {
				ALWAYS_SEARCH_USER_PATHS = NO;
				CLANG_ANALYZER_NONNULL = YES;
				CLANG_ANALYZER_NUMBER_OBJECT_CONVERSION = YES_AGGRESSIVE;
				CLANG_CXX_LANGUAGE_STANDARD = "gnu++0x";
				CLANG_CXX_LIBRARY = "libc++";
				CLANG_ENABLE_MODULES = YES;
				CLANG_ENABLE_OBJC_ARC = YES;
				CLANG_WARN_BOOL_CONVERSION = YES;
				CLANG_WARN_CONSTANT_CONVERSION = YES;
				CLANG_WARN_DIRECT_OBJC_ISA_USAGE = YES_ERROR;
				CLANG_WARN_DOCUMENTATION_COMMENTS = YES;
				CLANG_WARN_EMPTY_BODY = YES;
				CLANG_WARN_ENUM_CONVERSION = YES;
				CLANG_WARN_INFINITE_RECURSION = YES;
				CLANG_WARN_INT_CONVERSION = YES;
				CLANG_WARN_OBJC_ROOT_CLASS = YES_ERROR;
				CLANG_WARN_SUSPICIOUS_MOVE = YES;
				CLANG_WARN_UNREACHABLE_CODE = YES;
				CLANG_WARN__DUPLICATE_METHOD_MATCH = YES;
				"CODE_SIGN_IDENTITY[sdk=iphoneos*]" = "iPhone Developer";
				COPY_PHASE_STRIP = NO;
				DEBUG_INFORMATION_FORMAT = "dwarf-with-dsym";
				ENABLE_NS_ASSERTIONS = NO;
				ENABLE_STRICT_OBJC_MSGSEND = YES;
				GCC_C_LANGUAGE_STANDARD = gnu99;
				GCC_NO_COMMON_BLOCKS = YES;
				GCC_WARN_64_TO_32_BIT_CONVERSION = YES;
				GCC_WARN_ABOUT_RETURN_TYPE = YES_ERROR;
				GCC_WARN_UNDECLARED_SELECTOR = YES;
				GCC_WARN_UNINITIALIZED_AUTOS = YES_AGGRESSIVE;
				GCC_WARN_UNUSED_FUNCTION = YES;
				GCC_WARN_UNUSED_VARIABLE = YES;
				IPHONEOS_DEPLOYMENT_TARGET = 10.3;
				MTL_ENABLE_DEBUG_INFO = NO;
				SDKROOT = iphoneos;
				SWIFT_OPTIMIZATION_LEVEL = "-Owholemodule";
				TARGETED_DEVICE_FAMILY = "1,2";
				VALIDATE_PRODUCT = YES;
			};
			name = Release;
		};
		0F1BE8F41EC4F2BB00D5A90D /* Debug */ = {
			isa = XCBuildConfiguration;
			buildSettings = {
				ASSETCATALOG_COMPILER_APPICON_NAME = AppIcon;
				DEVELOPMENT_TEAM = 36WANW846Q;
				INFOPLIST_FILE = Quiz/Info.plist;
				LD_RUNPATH_SEARCH_PATHS = "$(inherited) @executable_path/Frameworks";
				PRODUCT_BUNDLE_IDENTIFIER = com.bignerdranch.Quiz;
				PRODUCT_NAME = "$(TARGET_NAME)";
				SWIFT_VERSION = 3.0;
			};
			name = Debug;
		};
		0F1BE8F51EC4F2BB00D5A90D /* Release */ = {
			isa = XCBuildConfiguration;
			buildSettings = {
				ASSETCATALOG_COMPILER_APPICON_NAME = AppIcon;
				DEVELOPMENT_TEAM = 36WANW846Q;
				INFOPLIST_FILE = Quiz/Info.plist;
				LD_RUNPATH_SEARCH_PATHS = "$(inherited) @executable_path/Frameworks";
				PRODUCT_BUNDLE_IDENTIFIER = com.bignerdranch.Quiz;
				PRODUCT_NAME = "$(TARGET_NAME)";
				SWIFT_VERSION = 3.0;
			};
			name = Release;
		};
		0F1BE8F71EC4F2BB00D5A90D /* Debug */ = {
			isa = XCBuildConfiguration;
			buildSettings = {
				ALWAYS_EMBED_SWIFT_STANDARD_LIBRARIES = YES;
				BUNDLE_LOADER = "$(TEST_HOST)";
				INFOPLIST_FILE = QuizTests/Info.plist;
				LD_RUNPATH_SEARCH_PATHS = "$(inherited) @executable_path/Frameworks @loader_path/Frameworks";
				PRODUCT_BUNDLE_IDENTIFIER = com.bignerdranch.QuizTests;
				PRODUCT_NAME = "$(TARGET_NAME)";
				SWIFT_VERSION = 3.0;
				TEST_HOST = "$(BUILT_PRODUCTS_DIR)/Quiz.app/Quiz";
			};
			name = Debug;
		};
		0F1BE8F81EC4F2BB00D5A90D /* Release */ = {
			isa = XCBuildConfiguration;
			buildSettings = {
				ALWAYS_EMBED_SWIFT_STANDARD_LIBRARIES = YES;
				BUNDLE_LOADER = "$(TEST_HOST)";
				INFOPLIST_FILE = QuizTests/Info.plist;
				LD_RUNPATH_SEARCH_PATHS = "$(inherited) @executable_path/Frameworks @loader_path/Frameworks";
				PRODUCT_BUNDLE_IDENTIFIER = com.bignerdranch.QuizTests;
				PRODUCT_NAME = "$(TARGET_NAME)";
				SWIFT_VERSION = 3.0;
				TEST_HOST = "$(BUILT_PRODUCTS_DIR)/Quiz.app/Quiz";
			};
			name = Release;
		};
		0F1BE8FA1EC4F2BB00D5A90D /* Debug */ = {
			isa = XCBuildConfiguration;
			buildSettings = {
				ALWAYS_EMBED_SWIFT_STANDARD_LIBRARIES = YES;
				INFOPLIST_FILE = QuizUITests/Info.plist;
				LD_RUNPATH_SEARCH_PATHS = "$(inherited) @executable_path/Frameworks @loader_path/Frameworks";
				PRODUCT_BUNDLE_IDENTIFIER = com.bignerdranch.QuizUITests;
				PRODUCT_NAME = "$(TARGET_NAME)";
				SWIFT_VERSION = 3.0;
				TEST_TARGET_NAME = Quiz;
			};
			name = Debug;
		};
		0F1BE8FB1EC4F2BB00D5A90D /* Release */ = {
			isa = XCBuildConfiguration;
			buildSettings = {
				ALWAYS_EMBED_SWIFT_STANDARD_LIBRARIES = YES;
				INFOPLIST_FILE = QuizUITests/Info.plist;
				LD_RUNPATH_SEARCH_PATHS = "$(inherited) @executable_path/Frameworks @loader_path/Frameworks";
				PRODUCT_BUNDLE_IDENTIFIER = com.bignerdranch.QuizUITests;
				PRODUCT_NAME = "$(TARGET_NAME)";
				SWIFT_VERSION = 3.0;
				TEST_TARGET_NAME = Quiz;
			};
			name = Release;
		};
/* End XCBuildConfiguration section */

/* Begin XCConfigurationList section */
		0F1BE8C61EC4F2BB00D5A90D /* Build configuration list for PBXProject "Quiz" */ = {
			isa = XCConfigurationList;
			buildConfigurations = (
				0F1BE8F11EC4F2BB00D5A90D /* Debug */,
				0F1BE8F21EC4F2BB00D5A90D /* Release */,
			);
			defaultConfigurationIsVisible = 0;
			defaultConfigurationName = Release;
		};
		0F1BE8F31EC4F2BB00D5A90D /* Build configuration list for PBXNativeTarget "Quiz" */ = {
			isa = XCConfigurationList;
			buildConfigurations = (
				0F1BE8F41EC4F2BB00D5A90D /* Debug */,
				0F1BE8F51EC4F2BB00D5A90D /* Release */,
			);
			defaultConfigurationIsVisible = 0;
		};
		0F1BE8F61EC4F2BB00D5A90D /* Build configuration list for PBXNativeTarget "QuizTests" */ = {
			isa = XCConfigurationList;
			buildConfigurations = (
				0F1BE8F71EC4F2BB00D5A90D /* Debug */,
				0F1BE8F81EC4F2BB00D5A90D /* Release */,
			);
			defaultConfigurationIsVisible = 0;
		};
		0F1BE8F91EC4F2BB00D5A90D /* Build configuration list for PBXNativeTarget "QuizUITests" */ = {
			isa = XCConfigurationList;
			buildConfigurations = (
				0F1BE8FA1EC4F2BB00D5A90D /* Debug */,
				0F1BE8FB1EC4F2BB00D5A90D /* Release */,
			);
			defaultConfigurationIsVisible = 0;
		};
/* End XCConfigurationList section */
	};
	rootObject = 0F1BE8C31EC4F2BB00D5A90D /* Project object */;
}
