// !$*UTF8*$!
{
	archiveVersion = 1;
	classes = {
	};
	objectVersion = 46;
	objects = {

/* Begin PBXBuildFile section */
		0F15EAF31EEB364F0037B055 /* PhotoDataSource.swift in Sources */ = {isa = PBXBuildFile; fileRef = 0F15EAF21EEB364F0037B055 /* PhotoDataSource.swift */; };
		0F15EAF61EEB3BD30037B055 /* PhotoCollectionViewCell.swift in Sources */ = {isa = PBXBuildFile; fileRef = 0F15EAF51EEB3BD30037B055 /* PhotoCollectionViewCell.swift */; };
		0F15EAF91EEB45180037B055 /* ImageStore.swift in Sources */ = {isa = PBXBuildFile; fileRef = 0F15EAF81EEB45180037B055 /* ImageStore.swift */; };
		0F15EAFB1EEB472A0037B055 /* PhotoInfoViewController.swift in Sources */ = {isa = PBXBuildFile; fileRef = 0F15EAFA1EEB472A0037B055 /* PhotoInfoViewController.swift */; };
		0F15EB011EEB5ECE0037B055 /* PhotosViewCollectionFlowLayout.swift in Sources */ = {isa = PBXBuildFile; fileRef = 0F15EB001EEB5ECE0037B055 /* PhotosViewCollectionFlowLayout.swift */; };
		0FE2786B1EE897A90041FC9B /* AppDelegate.swift in Sources */ = {isa = PBXBuildFile; fileRef = 0FE2786A1EE897A90041FC9B /* AppDelegate.swift */; };
		0FE278701EE897A90041FC9B /* Main.storyboard in Resources */ = {isa = PBXBuildFile; fileRef = 0FE2786E1EE897A90041FC9B /* Main.storyboard */; };
		0FE278721EE897A90041FC9B /* Assets.xcassets in Resources */ = {isa = PBXBuildFile; fileRef = 0FE278711EE897A90041FC9B /* Assets.xcassets */; };
		0FE278751EE897A90041FC9B /* LaunchScreen.storyboard in Resources */ = {isa = PBXBuildFile; fileRef = 0FE278731EE897A90041FC9B /* LaunchScreen.storyboard */; };
		0FE278801EE897A90041FC9B /* PhotoramaTests.swift in Sources */ = {isa = PBXBuildFile; fileRef = 0FE2787F1EE897A90041FC9B /* PhotoramaTests.swift */; };
		0FE2788B1EE897A90041FC9B /* PhotoramaUITests.swift in Sources */ = {isa = PBXBuildFile; fileRef = 0FE2788A1EE897A90041FC9B /* PhotoramaUITests.swift */; };
		0FE278991EE897D50041FC9B /* PhotosViewController.swift in Sources */ = {isa = PBXBuildFile; fileRef = 0FE278981EE897D50041FC9B /* PhotosViewController.swift */; };
		0FE2789C1EE89A250041FC9B /* FlickrAPI.swift in Sources */ = {isa = PBXBuildFile; fileRef = 0FE2789B1EE89A250041FC9B /* FlickrAPI.swift */; };
		0FE2789F1EE89DB40041FC9B /* PhotoStore.swift in Sources */ = {isa = PBXBuildFile; fileRef = 0FE2789E1EE89DB40041FC9B /* PhotoStore.swift */; };
		0FE278A11EE8A2460041FC9B /* Photo.swift in Sources */ = {isa = PBXBuildFile; fileRef = 0FE278A01EE8A2460041FC9B /* Photo.swift */; };
/* End PBXBuildFile section */

/* Begin PBXContainerItemProxy section */
		0FE2787C1EE897A90041FC9B /* PBXContainerItemProxy */ = {
			isa = PBXContainerItemProxy;
			containerPortal = 0FE2785F1EE897A90041FC9B /* Project object */;
			proxyType = 1;
			remoteGlobalIDString = 0FE278661EE897A90041FC9B;
			remoteInfo = Photorama;
		};
		0FE278871EE897A90041FC9B /* PBXContainerItemProxy */ = {
			isa = PBXContainerItemProxy;
			containerPortal = 0FE2785F1EE897A90041FC9B /* Project object */;
			proxyType = 1;
			remoteGlobalIDString = 0FE278661EE897A90041FC9B;
			remoteInfo = Photorama;
		};
/* End PBXContainerItemProxy section */

/* Begin PBXFileReference section */
		0F15EAF21EEB364F0037B055 /* PhotoDataSource.swift */ = {isa = PBXFileReference; fileEncoding = 4; lastKnownFileType = sourcecode.swift; path = PhotoDataSource.swift; sourceTree = "<group>"; };
		0F15EAF51EEB3BD30037B055 /* PhotoCollectionViewCell.swift */ = {isa = PBXFileReference; fileEncoding = 4; lastKnownFileType = sourcecode.swift; name = PhotoCollectionViewCell.swift; path = Photorama/PhotoCollectionViewCell.swift; sourceTree = "<group>"; };
		0F15EAF81EEB45180037B055 /* ImageStore.swift */ = {isa = PBXFileReference; fileEncoding = 4; lastKnownFileType = sourcecode.swift; path = ImageStore.swift; sourceTree = "<group>"; };
		0F15EAFA1EEB472A0037B055 /* PhotoInfoViewController.swift */ = {isa = PBXFileReference; fileEncoding = 4; lastKnownFileType = sourcecode.swift; name = PhotoInfoViewController.swift; path = Photorama/PhotoInfoViewController.swift; sourceTree = "<group>"; };
		0F15EB001EEB5ECE0037B055 /* PhotosViewCollectionFlowLayout.swift */ = {isa = PBXFileReference; fileEncoding = 4; lastKnownFileType = sourcecode.swift; name = PhotosViewCollectionFlowLayout.swift; path = Photorama/PhotosViewCollectionFlowLayout.swift; sourceTree = "<group>"; };
		0FE278671EE897A90041FC9B /* Photorama.app */ = {isa = PBXFileReference; explicitFileType = wrapper.application; includeInIndex = 0; path = Photorama.app; sourceTree = BUILT_PRODUCTS_DIR; };
		0FE2786A1EE897A90041FC9B /* AppDelegate.swift */ = {isa = PBXFileReference; lastKnownFileType = sourcecode.swift; path = AppDelegate.swift; sourceTree = "<group>"; };
		0FE2786F1EE897A90041FC9B /* Base */ = {isa = PBXFileReference; lastKnownFileType = file.storyboard; name = Base; path = Base.lproj/Main.storyboard; sourceTree = "<group>"; };
		0FE278711EE897A90041FC9B /* Assets.xcassets */ = {isa = PBXFileReference; lastKnownFileType = folder.assetcatalog; path = Assets.xcassets; sourceTree = "<group>"; };
		0FE278741EE897A90041FC9B /* Base */ = {isa = PBXFileReference; lastKnownFileType = file.storyboard; name = Base; path = Base.lproj/LaunchScreen.storyboard; sourceTree = "<group>"; };
		0FE278761EE897A90041FC9B /* Info.plist */ = {isa = PBXFileReference; lastKnownFileType = text.plist.xml; path = Info.plist; sourceTree = "<group>"; };
		0FE2787B1EE897A90041FC9B /* PhotoramaTests.xctest */ = {isa = PBXFileReference; explicitFileType = wrapper.cfbundle; includeInIndex = 0; path = PhotoramaTests.xctest; sourceTree = BUILT_PRODUCTS_DIR; };
		0FE2787F1EE897A90041FC9B /* PhotoramaTests.swift */ = {isa = PBXFileReference; lastKnownFileType = sourcecode.swift; path = PhotoramaTests.swift; sourceTree = "<group>"; };
		0FE278811EE897A90041FC9B /* Info.plist */ = {isa = PBXFileReference; lastKnownFileType = text.plist.xml; path = Info.plist; sourceTree = "<group>"; };
		0FE278861EE897A90041FC9B /* PhotoramaUITests.xctest */ = {isa = PBXFileReference; explicitFileType = wrapper.cfbundle; includeInIndex = 0; path = PhotoramaUITests.xctest; sourceTree = BUILT_PRODUCTS_DIR; };
		0FE2788A1EE897A90041FC9B /* PhotoramaUITests.swift */ = {isa = PBXFileReference; lastKnownFileType = sourcecode.swift; path = PhotoramaUITests.swift; sourceTree = "<group>"; };
		0FE2788C1EE897A90041FC9B /* Info.plist */ = {isa = PBXFileReference; lastKnownFileType = text.plist.xml; path = Info.plist; sourceTree = "<group>"; };
		0FE278981EE897D50041FC9B /* PhotosViewController.swift */ = {isa = PBXFileReference; fileEncoding = 4; lastKnownFileType = sourcecode.swift; name = PhotosViewController.swift; path = Photorama/PhotosViewController.swift; sourceTree = "<group>"; };
		0FE2789B1EE89A250041FC9B /* FlickrAPI.swift */ = {isa = PBXFileReference; fileEncoding = 4; lastKnownFileType = sourcecode.swift; path = FlickrAPI.swift; sourceTree = "<group>"; };
		0FE2789E1EE89DB40041FC9B /* PhotoStore.swift */ = {isa = PBXFileReference; fileEncoding = 4; lastKnownFileType = sourcecode.swift; path = PhotoStore.swift; sourceTree = "<group>"; };
		0FE278A01EE8A2460041FC9B /* Photo.swift */ = {isa = PBXFileReference; fileEncoding = 4; lastKnownFileType = sourcecode.swift; path = Photo.swift; sourceTree = "<group>"; };
/* End PBXFileReference section */

/* Begin PBXFrameworksBuildPhase section */
		0FE278641EE897A90041FC9B /* Frameworks */ = {
			isa = PBXFrameworksBuildPhase;
			buildActionMask = 2147483647;
			files = (
			);
			runOnlyForDeploymentPostprocessing = 0;
		};
		0FE278781EE897A90041FC9B /* Frameworks */ = {
			isa = PBXFrameworksBuildPhase;
			buildActionMask = 2147483647;
			files = (
			);
			runOnlyForDeploymentPostprocessing = 0;
		};
		0FE278831EE897A90041FC9B /* Frameworks */ = {
			isa = PBXFrameworksBuildPhase;
			buildActionMask = 2147483647;
			files = (
			);
			runOnlyForDeploymentPostprocessing = 0;
		};
/* End PBXFrameworksBuildPhase section */

/* Begin PBXGroup section */
		0F15EAF41EEB388A0037B055 /* Data Sources */ = {
			isa = PBXGroup;
			children = (
				0F15EAF21EEB364F0037B055 /* PhotoDataSource.swift */,
			);
			name = "Data Sources";
			sourceTree = "<group>";
		};
		0F15EAF71EEB3BD70037B055 /* Views */ = {
			isa = PBXGroup;
			children = (
				0F15EAF51EEB3BD30037B055 /* PhotoCollectionViewCell.swift */,
			);
			name = Views;
			path = ..;
			sourceTree = "<group>";
		};
		0F15EB021EEB5ED10037B055 /* CollectionViewLayout */ = {
			isa = PBXGroup;
			children = (
				0F15EB001EEB5ECE0037B055 /* PhotosViewCollectionFlowLayout.swift */,
			);
			name = CollectionViewLayout;
			sourceTree = "<group>";
		};
		0FE2785E1EE897A90041FC9B = {
			isa = PBXGroup;
			children = (
				0FE278691EE897A90041FC9B /* Photorama */,
				0FE2787E1EE897A90041FC9B /* PhotoramaTests */,
				0FE278891EE897A90041FC9B /* PhotoramaUITests */,
				0FE278681EE897A90041FC9B /* Products */,
			);
			sourceTree = "<group>";
		};
		0FE278681EE897A90041FC9B /* Products */ = {
			isa = PBXGroup;
			children = (
				0FE278671EE897A90041FC9B /* Photorama.app */,
				0FE2787B1EE897A90041FC9B /* PhotoramaTests.xctest */,
				0FE278861EE897A90041FC9B /* PhotoramaUITests.xctest */,
			);
			name = Products;
			sourceTree = "<group>";
		};
		0FE278691EE897A90041FC9B /* Photorama */ = {
			isa = PBXGroup;
			children = (
				0FE2786A1EE897A90041FC9B /* AppDelegate.swift */,
				0FE2789D1EE89A2A0041FC9B /* Models */,
				0F15EAF71EEB3BD70037B055 /* Views */,
				0FE2789A1EE898030041FC9B /* Controllers */,
				0FE2786E1EE897A90041FC9B /* Main.storyboard */,
				0FE278711EE897A90041FC9B /* Assets.xcassets */,
				0FE278731EE897A90041FC9B /* LaunchScreen.storyboard */,
				0FE278761EE897A90041FC9B /* Info.plist */,
			);
			path = Photorama;
			sourceTree = "<group>";
		};
		0FE2787E1EE897A90041FC9B /* PhotoramaTests */ = {
			isa = PBXGroup;
			children = (
				0FE2787F1EE897A90041FC9B /* PhotoramaTests.swift */,
				0FE278811EE897A90041FC9B /* Info.plist */,
			);
			path = PhotoramaTests;
			sourceTree = "<group>";
		};
		0FE278891EE897A90041FC9B /* PhotoramaUITests */ = {
			isa = PBXGroup;
			children = (
				0FE2788A1EE897A90041FC9B /* PhotoramaUITests.swift */,
				0FE2788C1EE897A90041FC9B /* Info.plist */,
			);
			path = PhotoramaUITests;
			sourceTree = "<group>";
		};
		0FE2789A1EE898030041FC9B /* Controllers */ = {
			isa = PBXGroup;
			children = (
				0F15EB021EEB5ED10037B055 /* CollectionViewLayout */,
				0F15EAFA1EEB472A0037B055 /* PhotoInfoViewController.swift */,
				0FE278981EE897D50041FC9B /* PhotosViewController.swift */,
			);
			name = Controllers;
			path = ..;
			sourceTree = "<group>";
		};
		0FE2789D1EE89A2A0041FC9B /* Models */ = {
			isa = PBXGroup;
			children = (
				0F15EAF81EEB45180037B055 /* ImageStore.swift */,
				0FE2789B1EE89A250041FC9B /* FlickrAPI.swift */,
				0FE2789E1EE89DB40041FC9B /* PhotoStore.swift */,
				0FE278A01EE8A2460041FC9B /* Photo.swift */,
				0F15EAF41EEB388A0037B055 /* Data Sources */,
			);
			name = Models;
			sourceTree = "<group>";
		};
/* End PBXGroup section */

/* Begin PBXNativeTarget section */
		0FE278661EE897A90041FC9B /* Photorama */ = {
			isa = PBXNativeTarget;
			buildConfigurationList = 0FE2788F1EE897A90041FC9B /* Build configuration list for PBXNativeTarget "Photorama" */;
			buildPhases = (
				0FE278631EE897A90041FC9B /* Sources */,
				0FE278641EE897A90041FC9B /* Frameworks */,
				0FE278651EE897A90041FC9B /* Resources */,
			);
			buildRules = (
			);
			dependencies = (
			);
			name = Photorama;
			productName = Photorama;
			productReference = 0FE278671EE897A90041FC9B /* Photorama.app */;
			productType = "com.apple.product-type.application";
		};
		0FE2787A1EE897A90041FC9B /* PhotoramaTests */ = {
			isa = PBXNativeTarget;
			buildConfigurationList = 0FE278921EE897A90041FC9B /* Build configuration list for PBXNativeTarget "PhotoramaTests" */;
			buildPhases = (
				0FE278771EE897A90041FC9B /* Sources */,
				0FE278781EE897A90041FC9B /* Frameworks */,
				0FE278791EE897A90041FC9B /* Resources */,
			);
			buildRules = (
			);
			dependencies = (
				0FE2787D1EE897A90041FC9B /* PBXTargetDependency */,
			);
			name = PhotoramaTests;
			productName = PhotoramaTests;
			productReference = 0FE2787B1EE897A90041FC9B /* PhotoramaTests.xctest */;
			productType = "com.apple.product-type.bundle.unit-test";
		};
		0FE278851EE897A90041FC9B /* PhotoramaUITests */ = {
			isa = PBXNativeTarget;
			buildConfigurationList = 0FE278951EE897A90041FC9B /* Build configuration list for PBXNativeTarget "PhotoramaUITests" */;
			buildPhases = (
				0FE278821EE897A90041FC9B /* Sources */,
				0FE278831EE897A90041FC9B /* Frameworks */,
				0FE278841EE897A90041FC9B /* Resources */,
			);
			buildRules = (
			);
			dependencies = (
				0FE278881EE897A90041FC9B /* PBXTargetDependency */,
			);
			name = PhotoramaUITests;
			productName = PhotoramaUITests;
			productReference = 0FE278861EE897A90041FC9B /* PhotoramaUITests.xctest */;
			productType = "com.apple.product-type.bundle.ui-testing";
		};
/* End PBXNativeTarget section */

/* Begin PBXProject section */
		0FE2785F1EE897A90041FC9B /* Project object */ = {
			isa = PBXProject;
			attributes = {
				LastSwiftUpdateCheck = 0830;
				LastUpgradeCheck = 0830;
				ORGANIZATIONNAME = "Big Nerd Ranch";
				TargetAttributes = {
					0FE278661EE897A90041FC9B = {
						CreatedOnToolsVersion = 8.3.2;
						DevelopmentTeam = 36WANW846Q;
						ProvisioningStyle = Automatic;
					};
					0FE2787A1EE897A90041FC9B = {
						CreatedOnToolsVersion = 8.3.2;
						ProvisioningStyle = Automatic;
						TestTargetID = 0FE278661EE897A90041FC9B;
					};
					0FE278851EE897A90041FC9B = {
						CreatedOnToolsVersion = 8.3.2;
						ProvisioningStyle = Automatic;
						TestTargetID = 0FE278661EE897A90041FC9B;
					};
				};
			};
			buildConfigurationList = 0FE278621EE897A90041FC9B /* Build configuration list for PBXProject "Photorama" */;
			compatibilityVersion = "Xcode 3.2";
			developmentRegion = English;
			hasScannedForEncodings = 0;
			knownRegions = (
				en,
				Base,
			);
			mainGroup = 0FE2785E1EE897A90041FC9B;
			productRefGroup = 0FE278681EE897A90041FC9B /* Products */;
			projectDirPath = "";
			projectRoot = "";
			targets = (
				0FE278661EE897A90041FC9B /* Photorama */,
				0FE2787A1EE897A90041FC9B /* PhotoramaTests */,
				0FE278851EE897A90041FC9B /* PhotoramaUITests */,
			);
		};
/* End PBXProject section */

/* Begin PBXResourcesBuildPhase section */
		0FE278651EE897A90041FC9B /* Resources */ = {
			isa = PBXResourcesBuildPhase;
			buildActionMask = 2147483647;
			files = (
				0FE278751EE897A90041FC9B /* LaunchScreen.storyboard in Resources */,
				0FE278721EE897A90041FC9B /* Assets.xcassets in Resources */,
				0FE278701EE897A90041FC9B /* Main.storyboard in Resources */,
			);
			runOnlyForDeploymentPostprocessing = 0;
		};
		0FE278791EE897A90041FC9B /* Resources */ = {
			isa = PBXResourcesBuildPhase;
			buildActionMask = 2147483647;
			files = (
			);
			runOnlyForDeploymentPostprocessing = 0;
		};
		0FE278841EE897A90041FC9B /* Resources */ = {
			isa = PBXResourcesBuildPhase;
			buildActionMask = 2147483647;
			files = (
			);
			runOnlyForDeploymentPostprocessing = 0;
		};
/* End PBXResourcesBuildPhase section */

/* Begin PBXSourcesBuildPhase section */
		0FE278631EE897A90041FC9B /* Sources */ = {
			isa = PBXSourcesBuildPhase;
			buildActionMask = 2147483647;
			files = (
				0F15EB011EEB5ECE0037B055 /* PhotosViewCollectionFlowLayout.swift in Sources */,
				0FE2789C1EE89A250041FC9B /* FlickrAPI.swift in Sources */,
				0FE278991EE897D50041FC9B /* PhotosViewController.swift in Sources */,
				0FE2789F1EE89DB40041FC9B /* PhotoStore.swift in Sources */,
				0F15EAF91EEB45180037B055 /* ImageStore.swift in Sources */,
				0F15EAF31EEB364F0037B055 /* PhotoDataSource.swift in Sources */,
				0F15EAFB1EEB472A0037B055 /* PhotoInfoViewController.swift in Sources */,
				0F15EAF61EEB3BD30037B055 /* PhotoCollectionViewCell.swift in Sources */,
				0FE2786B1EE897A90041FC9B /* AppDelegate.swift in Sources */,
				0FE278A11EE8A2460041FC9B /* Photo.swift in Sources */,
			);
			runOnlyForDeploymentPostprocessing = 0;
		};
		0FE278771EE897A90041FC9B /* Sources */ = {
			isa = PBXSourcesBuildPhase;
			buildActionMask = 2147483647;
			files = (
				0FE278801EE897A90041FC9B /* PhotoramaTests.swift in Sources */,
			);
			runOnlyForDeploymentPostprocessing = 0;
		};
		0FE278821EE897A90041FC9B /* Sources */ = {
			isa = PBXSourcesBuildPhase;
			buildActionMask = 2147483647;
			files = (
				0FE2788B1EE897A90041FC9B /* PhotoramaUITests.swift in Sources */,
			);
			runOnlyForDeploymentPostprocessing = 0;
		};
/* End PBXSourcesBuildPhase section */

/* Begin PBXTargetDependency section */
		0FE2787D1EE897A90041FC9B /* PBXTargetDependency */ = {
			isa = PBXTargetDependency;
			target = 0FE278661EE897A90041FC9B /* Photorama */;
			targetProxy = 0FE2787C1EE897A90041FC9B /* PBXContainerItemProxy */;
		};
		0FE278881EE897A90041FC9B /* PBXTargetDependency */ = {
			isa = PBXTargetDependency;
			target = 0FE278661EE897A90041FC9B /* Photorama */;
			targetProxy = 0FE278871EE897A90041FC9B /* PBXContainerItemProxy */;
		};
/* End PBXTargetDependency section */

/* Begin PBXVariantGroup section */
		0FE2786E1EE897A90041FC9B /* Main.storyboard */ = {
			isa = PBXVariantGroup;
			children = (
				0FE2786F1EE897A90041FC9B /* Base */,
			);
			name = Main.storyboard;
			sourceTree = "<group>";
		};
		0FE278731EE897A90041FC9B /* LaunchScreen.storyboard */ = {
			isa = PBXVariantGroup;
			children = (
				0FE278741EE897A90041FC9B /* Base */,
			);
			name = LaunchScreen.storyboard;
			sourceTree = "<group>";
		};
/* End PBXVariantGroup section */

/* Begin XCBuildConfiguration section */
		0FE2788D1EE897A90041FC9B /* Debug */ = {
			isa = XCBuildConfiguration;
			buildSettings = {
				ALWAYS_SEARCH_USER_PATHS = NO;
				CLANG_ANALYZER_NONNULL = YES;
				CLANG_ANALYZER_NUMBER_OBJECT_CONVERSION = YES_AGGRESSIVE;
				CLANG_CXX_LANGUAGE_STANDARD = "gnu++0x";
				CLANG_CXX_LIBRARY = "libc++";
				CLANG_ENABLE_MODULES = YES;
				CLANG_ENABLE_OBJC_ARC = YES;
				CLANG_WARN_BOOL_CONVERSION = YES;
				CLANG_WARN_CONSTANT_CONVERSION = YES;
				CLANG_WARN_DIRECT_OBJC_ISA_USAGE = YES_ERROR;
				CLANG_WARN_DOCUMENTATION_COMMENTS = YES;
				CLANG_WARN_EMPTY_BODY = YES;
				CLANG_WARN_ENUM_CONVERSION = YES;
				CLANG_WARN_INFINITE_RECURSION = YES;
				CLANG_WARN_INT_CONVERSION = YES;
				CLANG_WARN_OBJC_ROOT_CLASS = YES_ERROR;
				CLANG_WARN_SUSPICIOUS_MOVE = YES;
				CLANG_WARN_UNREACHABLE_CODE = YES;
				CLANG_WARN__DUPLICATE_METHOD_MATCH = YES;
				"CODE_SIGN_IDENTITY[sdk=iphoneos*]" = "iPhone Developer";
				COPY_PHASE_STRIP = NO;
				DEBUG_INFORMATION_FORMAT = dwarf;
				ENABLE_STRICT_OBJC_MSGSEND = YES;
				ENABLE_TESTABILITY = YES;
				GCC_C_LANGUAGE_STANDARD = gnu99;
				GCC_DYNAMIC_NO_PIC = NO;
				GCC_NO_COMMON_BLOCKS = YES;
				GCC_OPTIMIZATION_LEVEL = 0;
				GCC_PREPROCESSOR_DEFINITIONS = (
					"DEBUG=1",
					"$(inherited)",
				);
				GCC_WARN_64_TO_32_BIT_CONVERSION = YES;
				GCC_WARN_ABOUT_RETURN_TYPE = YES_ERROR;
				GCC_WARN_UNDECLARED_SELECTOR = YES;
				GCC_WARN_UNINITIALIZED_AUTOS = YES_AGGRESSIVE;
				GCC_WARN_UNUSED_FUNCTION = YES;
				GCC_WARN_UNUSED_VARIABLE = YES;
				IPHONEOS_DEPLOYMENT_TARGET = 10.3;
				MTL_ENABLE_DEBUG_INFO = YES;
				ONLY_ACTIVE_ARCH = YES;
				SDKROOT = iphoneos;
				SWIFT_ACTIVE_COMPILATION_CONDITIONS = DEBUG;
				SWIFT_OPTIMIZATION_LEVEL = "-Onone";
				TARGETED_DEVICE_FAMILY = "1,2";
			};
			name = Debug;
		};
		0FE2788E1EE897A90041FC9B /* Release */ = {
			isa = XCBuildConfiguration;
			buildSettings = {
				ALWAYS_SEARCH_USER_PATHS = NO;
				CLANG_ANALYZER_NONNULL = YES;
				CLANG_ANALYZER_NUMBER_OBJECT_CONVERSION = YES_AGGRESSIVE;
				CLANG_CXX_LANGUAGE_STANDARD = "gnu++0x";
				CLANG_CXX_LIBRARY = "libc++";
				CLANG_ENABLE_MODULES = YES;
				CLANG_ENABLE_OBJC_ARC = YES;
				CLANG_WARN_BOOL_CONVERSION = YES;
				CLANG_WARN_CONSTANT_CONVERSION = YES;
				CLANG_WARN_DIRECT_OBJC_ISA_USAGE = YES_ERROR;
				CLANG_WARN_DOCUMENTATION_COMMENTS = YES;
				CLANG_WARN_EMPTY_BODY = YES;
				CLANG_WARN_ENUM_CONVERSION = YES;
				CLANG_WARN_INFINITE_RECURSION = YES;
				CLANG_WARN_INT_CONVERSION = YES;
				CLANG_WARN_OBJC_ROOT_CLASS = YES_ERROR;
				CLANG_WARN_SUSPICIOUS_MOVE = YES;
				CLANG_WARN_UNREACHABLE_CODE = YES;
				CLANG_WARN__DUPLICATE_METHOD_MATCH = YES;
				"CODE_SIGN_IDENTITY[sdk=iphoneos*]" = "iPhone Developer";
				COPY_PHASE_STRIP = NO;
				DEBUG_INFORMATION_FORMAT = "dwarf-with-dsym";
				ENABLE_NS_ASSERTIONS = NO;
				ENABLE_STRICT_OBJC_MSGSEND = YES;
				GCC_C_LANGUAGE_STANDARD = gnu99;
				GCC_NO_COMMON_BLOCKS = YES;
				GCC_WARN_64_TO_32_BIT_CONVERSION = YES;
				GCC_WARN_ABOUT_RETURN_TYPE = YES_ERROR;
				GCC_WARN_UNDECLARED_SELECTOR = YES;
				GCC_WARN_UNINITIALIZED_AUTOS = YES_AGGRESSIVE;
				GCC_WARN_UNUSED_FUNCTION = YES;
				GCC_WARN_UNUSED_VARIABLE = YES;
				IPHONEOS_DEPLOYMENT_TARGET = 10.3;
				MTL_ENABLE_DEBUG_INFO = NO;
				SDKROOT = iphoneos;
				SWIFT_OPTIMIZATION_LEVEL = "-Owholemodule";
				TARGETED_DEVICE_FAMILY = "1,2";
				VALIDATE_PRODUCT = YES;
			};
			name = Release;
		};
		0FE278901EE897A90041FC9B /* Debug */ = {
			isa = XCBuildConfiguration;
			buildSettings = {
				ASSETCATALOG_COMPILER_APPICON_NAME = AppIcon;
				DEVELOPMENT_TEAM = 36WANW846Q;
				INFOPLIST_FILE = Photorama/Info.plist;
				LD_RUNPATH_SEARCH_PATHS = "$(inherited) @executable_path/Frameworks";
				PRODUCT_BUNDLE_IDENTIFIER = com.bignerdranch.Photorama;
				PRODUCT_NAME = "$(TARGET_NAME)";
				SWIFT_VERSION = 3.0;
			};
			name = Debug;
		};
		0FE278911EE897A90041FC9B /* Release */ = {
			isa = XCBuildConfiguration;
			buildSettings = {
				ASSETCATALOG_COMPILER_APPICON_NAME = AppIcon;
				DEVELOPMENT_TEAM = 36WANW846Q;
				INFOPLIST_FILE = Photorama/Info.plist;
				LD_RUNPATH_SEARCH_PATHS = "$(inherited) @executable_path/Frameworks";
				PRODUCT_BUNDLE_IDENTIFIER = com.bignerdranch.Photorama;
				PRODUCT_NAME = "$(TARGET_NAME)";
				SWIFT_VERSION = 3.0;
			};
			name = Release;
		};
		0FE278931EE897A90041FC9B /* Debug */ = {
			isa = XCBuildConfiguration;
			buildSettings = {
				ALWAYS_EMBED_SWIFT_STANDARD_LIBRARIES = YES;
				BUNDLE_LOADER = "$(TEST_HOST)";
				INFOPLIST_FILE = PhotoramaTests/Info.plist;
				LD_RUNPATH_SEARCH_PATHS = "$(inherited) @executable_path/Frameworks @loader_path/Frameworks";
				PRODUCT_BUNDLE_IDENTIFIER = com.bignerdranch.PhotoramaTests;
				PRODUCT_NAME = "$(TARGET_NAME)";
				SWIFT_VERSION = 3.0;
				TEST_HOST = "$(BUILT_PRODUCTS_DIR)/Photorama.app/Photorama";
			};
			name = Debug;
		};
		0FE278941EE897A90041FC9B /* Release */ = {
			isa = XCBuildConfiguration;
			buildSettings = {
				ALWAYS_EMBED_SWIFT_STANDARD_LIBRARIES = YES;
				BUNDLE_LOADER = "$(TEST_HOST)";
				INFOPLIST_FILE = PhotoramaTests/Info.plist;
				LD_RUNPATH_SEARCH_PATHS = "$(inherited) @executable_path/Frameworks @loader_path/Frameworks";
				PRODUCT_BUNDLE_IDENTIFIER = com.bignerdranch.PhotoramaTests;
				PRODUCT_NAME = "$(TARGET_NAME)";
				SWIFT_VERSION = 3.0;
				TEST_HOST = "$(BUILT_PRODUCTS_DIR)/Photorama.app/Photorama";
			};
			name = Release;
		};
		0FE278961EE897A90041FC9B /* Debug */ = {
			isa = XCBuildConfiguration;
			buildSettings = {
				ALWAYS_EMBED_SWIFT_STANDARD_LIBRARIES = YES;
				INFOPLIST_FILE = PhotoramaUITests/Info.plist;
				LD_RUNPATH_SEARCH_PATHS = "$(inherited) @executable_path/Frameworks @loader_path/Frameworks";
				PRODUCT_BUNDLE_IDENTIFIER = com.bignerdranch.PhotoramaUITests;
				PRODUCT_NAME = "$(TARGET_NAME)";
				SWIFT_VERSION = 3.0;
				TEST_TARGET_NAME = Photorama;
			};
			name = Debug;
		};
		0FE278971EE897A90041FC9B /* Release */ = {
			isa = XCBuildConfiguration;
			buildSettings = {
				ALWAYS_EMBED_SWIFT_STANDARD_LIBRARIES = YES;
				INFOPLIST_FILE = PhotoramaUITests/Info.plist;
				LD_RUNPATH_SEARCH_PATHS = "$(inherited) @executable_path/Frameworks @loader_path/Frameworks";
				PRODUCT_BUNDLE_IDENTIFIER = com.bignerdranch.PhotoramaUITests;
				PRODUCT_NAME = "$(TARGET_NAME)";
				SWIFT_VERSION = 3.0;
				TEST_TARGET_NAME = Photorama;
			};
			name = Release;
		};
/* End XCBuildConfiguration section */

/* Begin XCConfigurationList section */
		0FE278621EE897A90041FC9B /* Build configuration list for PBXProject "Photorama" */ = {
			isa = XCConfigurationList;
			buildConfigurations = (
				0FE2788D1EE897A90041FC9B /* Debug */,
				0FE2788E1EE897A90041FC9B /* Release */,
			);
			defaultConfigurationIsVisible = 0;
			defaultConfigurationName = Release;
		};
		0FE2788F1EE897A90041FC9B /* Build configuration list for PBXNativeTarget "Photorama" */ = {
			isa = XCConfigurationList;
			buildConfigurations = (
				0FE278901EE897A90041FC9B /* Debug */,
				0FE278911EE897A90041FC9B /* Release */,
			);
			defaultConfigurationIsVisible = 0;
			defaultConfigurationName = Release;
		};
		0FE278921EE897A90041FC9B /* Build configuration list for PBXNativeTarget "PhotoramaTests" */ = {
			isa = XCConfigurationList;
			buildConfigurations = (
				0FE278931EE897A90041FC9B /* Debug */,
				0FE278941EE897A90041FC9B /* Release */,
			);
			defaultConfigurationIsVisible = 0;
			defaultConfigurationName = Release;
		};
		0FE278951EE897A90041FC9B /* Build configuration list for PBXNativeTarget "PhotoramaUITests" */ = {
			isa = XCConfigurationList;
			buildConfigurations = (
				0FE278961EE897A90041FC9B /* Debug */,
				0FE278971EE897A90041FC9B /* Release */,
			);
			defaultConfigurationIsVisible = 0;
			defaultConfigurationName = Release;
		};
/* End XCConfigurationList section */
	};
	rootObject = 0FE2785F1EE897A90041FC9B /* Project object */;
}
